
Microsoft Visual Studio Solution File, Format Version 12.00
# Visual Studio Version 16
VisualStudioVersion = 16.0.32126.315
MinimumVisualStudioVersion = 10.0.40219.1
Project("{FAE04EC0-301F-11D3-BF4B-00C04F79EFBC}") = "CursoBaltaDapper", "CursoBaltaDapper\CursoBaltaDapper.csproj", "{9058583F-D34D-4739-8C81-1CE3226D637D}"
EndProject
Global
	GlobalSection(SolutionConfigurationPlatforms) = preSolution
		Debug|Any CPU = Debug|Any CPU
		Release|Any CPU = Release|Any CPU
	EndGlobalSection
	GlobalSection(ProjectConfigurationPlatforms) = postSolution
		{9058583F-D34D-4739-8C81-1CE3226D637D}.Debug|Any CPU.ActiveCfg = Debug|Any CPU
		{9058583F-D34D-4739-8C81-1CE3226D637D}.Debug|Any CPU.Build.0 = Debug|Any CPU
		{9058583F-D34D-4739-8C81-1CE3226D637D}.Release|Any CPU.ActiveCfg = Release|Any CPU
		{9058583F-D34D-4739-8C81-1CE3226D637D}.Release|Any CPU.Build.0 = Release|Any CPU
	EndGlobalSection
	GlobalSection(SolutionProperties) = preSolution
		HideSolutionNode = FALSE
	EndGlobalSection
	GlobalSection(ExtensibilityGlobals) = postSolution
		SolutionGuid = {22879895-7D2E-4187-AE7A-58C15998D630}
	EndGlobalSection
EndGlobal
